
Microsoft Visual Studio Solution File, Format Version 12.00
# Visual Studio 15
VisualStudioVersion = 15.0.27428.2027
MinimumVisualStudioVersion = 10.0.40219.1
Project("{FAE04EC0-301F-11D3-BF4B-00C04F79EFBC}") = "GameBot", "GameBot\GameBot.csproj", "{1E2350BB-BA6F-44A2-AD9A-091A1E4717A3}"
EndProject
Global
	GlobalSection(SolutionConfigurationPlatforms) = preSolution
		Debug|Any CPU = Debug|Any CPU
		Release|Any CPU = Release|Any CPU
	EndGlobalSection
	GlobalSection(ProjectConfigurationPlatforms) = postSolution
		{1E2350BB-BA6F-44A2-AD9A-091A1E4717A3}.Debug|Any CPU.ActiveCfg = Debug|Any CPU
		{1E2350BB-BA6F-44A2-AD9A-091A1E4717A3}.Debug|Any CPU.Build.0 = Debug|Any CPU
		{1E2350BB-BA6F-44A2-AD9A-091A1E4717A3}.Release|Any CPU.ActiveCfg = Release|Any CPU
		{1E2350BB-BA6F-44A2-AD9A-091A1E4717A3}.Release|Any CPU.Build.0 = Release|Any CPU
	EndGlobalSection
	GlobalSection(SolutionProperties) = preSolution
		HideSolutionNode = FALSE
	EndGlobalSection
	GlobalSection(ExtensibilityGlobals) = postSolution
		SolutionGuid = {EC667E1E-2B8B-4072-8B77-8C05102D8876}
	EndGlobalSection
EndGlobal
